
Microsoft Visual Studio Solution File, Format Version 12.00
# Visual Studio Version 16
VisualStudioVersion = 16.0.31129.286
MinimumVisualStudioVersion = 10.0.40219.1
Project("{FAE04EC0-301F-11D3-BF4B-00C04F79EFBC}") = "CarDealership", "CarDealership\CarDealership.csproj", "{64229E16-08B9-4E13-8DF4-42054CCF5AED}"
EndProject
Project("{FAE04EC0-301F-11D3-BF4B-00C04F79EFBC}") = "CarDealershipTestUnit", "CarDealershipTestUnit\CarDealershipTestUnit.csproj", "{F2DD20DF-FA12-4FB5-8A75-F1C8528A034C}"
EndProject
Global
	GlobalSection(SolutionConfigurationPlatforms) = preSolution
		Debug|Any CPU = Debug|Any CPU
		Release|Any CPU = Release|Any CPU
	EndGlobalSection
	GlobalSection(ProjectConfigurationPlatforms) = postSolution
		{64229E16-08B9-4E13-8DF4-42054CCF5AED}.Debug|Any CPU.ActiveCfg = Debug|Any CPU
		{64229E16-08B9-4E13-8DF4-42054CCF5AED}.Debug|Any CPU.Build.0 = Debug|Any CPU
		{64229E16-08B9-4E13-8DF4-42054CCF5AED}.Release|Any CPU.ActiveCfg = Release|Any CPU
		{64229E16-08B9-4E13-8DF4-42054CCF5AED}.Release|Any CPU.Build.0 = Release|Any CPU
		{F2DD20DF-FA12-4FB5-8A75-F1C8528A034C}.Debug|Any CPU.ActiveCfg = Debug|Any CPU
		{F2DD20DF-FA12-4FB5-8A75-F1C8528A034C}.Debug|Any CPU.Build.0 = Debug|Any CPU
		{F2DD20DF-FA12-4FB5-8A75-F1C8528A034C}.Release|Any CPU.ActiveCfg = Release|Any CPU
		{F2DD20DF-FA12-4FB5-8A75-F1C8528A034C}.Release|Any CPU.Build.0 = Release|Any CPU
	EndGlobalSection
	GlobalSection(SolutionProperties) = preSolution
		HideSolutionNode = FALSE
	EndGlobalSection
	GlobalSection(ExtensibilityGlobals) = postSolution
		SolutionGuid = {78E86A39-0509-48AF-BF06-7E524CDC1EA5}
	EndGlobalSection
EndGlobal
